
Microsoft Visual Studio Solution File, Format Version 12.00
# Visual Studio Version 16
VisualStudioVersion = 16.0.32106.194
MinimumVisualStudioVersion = 10.0.40219.1
Project("{FAE04EC0-301F-11D3-BF4B-00C04F79EFBC}") = "GreenHealth_Mobile_App.Android", "GreenHealth_Mobile_App.Android\GreenHealth_Mobile_App.Android.csproj", "{FA83C535-D38D-4DF8-B325-00B4AAE03DB3}"
EndProject
Project("{FAE04EC0-301F-11D3-BF4B-00C04F79EFBC}") = "GreenHealth_Mobile_App.iOS", "GreenHealth_Mobile_App.iOS\GreenHealth_Mobile_App.iOS.csproj", "{EA18FF7A-D13D-479A-BF91-12D56F43F183}"
EndProject
Project("{FAE04EC0-301F-11D3-BF4B-00C04F79EFBC}") = "GreenHealth_Mobile_App", "GreenHealth_Mobile_App\GreenHealth_Mobile_App.csproj", "{380B49A6-DF65-4974-8E7E-7F1C71E77C26}"
EndProject
Global
	GlobalSection(SolutionConfigurationPlatforms) = preSolution
		Debug|Any CPU = Debug|Any CPU
		Debug|iPhone = Debug|iPhone
		Debug|iPhoneSimulator = Debug|iPhoneSimulator
		Release|Any CPU = Release|Any CPU
		Release|iPhone = Release|iPhone
		Release|iPhoneSimulator = Release|iPhoneSimulator
	EndGlobalSection
	GlobalSection(ProjectConfigurationPlatforms) = postSolution
		{FA83C535-D38D-4DF8-B325-00B4AAE03DB3}.Debug|Any CPU.ActiveCfg = Debug|Any CPU
		{FA83C535-D38D-4DF8-B325-00B4AAE03DB3}.Debug|Any CPU.Build.0 = Debug|Any CPU
		{FA83C535-D38D-4DF8-B325-00B4AAE03DB3}.Debug|Any CPU.Deploy.0 = Debug|Any CPU
		{FA83C535-D38D-4DF8-B325-00B4AAE03DB3}.Debug|iPhone.ActiveCfg = Debug|Any CPU
		{FA83C535-D38D-4DF8-B325-00B4AAE03DB3}.Debug|iPhone.Build.0 = Debug|Any CPU
		{FA83C535-D38D-4DF8-B325-00B4AAE03DB3}.Debug|iPhone.Deploy.0 = Debug|Any CPU
		{FA83C535-D38D-4DF8-B325-00B4AAE03DB3}.Debug|iPhoneSimulator.ActiveCfg = Debug|Any CPU
		{FA83C535-D38D-4DF8-B325-00B4AAE03DB3}.Debug|iPhoneSimulator.Build.0 = Debug|Any CPU
		{FA83C535-D38D-4DF8-B325-00B4AAE03DB3}.Debug|iPhoneSimulator.Deploy.0 = Debug|Any CPU
		{FA83C535-D38D-4DF8-B325-00B4AAE03DB3}.Release|Any CPU.ActiveCfg = Release|Any CPU
		{FA83C535-D38D-4DF8-B325-00B4AAE03DB3}.Release|Any CPU.Build.0 = Release|Any CPU
		{FA83C535-D38D-4DF8-B325-00B4AAE03DB3}.Release|Any CPU.Deploy.0 = Release|Any CPU
		{FA83C535-D38D-4DF8-B325-00B4AAE03DB3}.Release|iPhone.ActiveCfg = Release|Any CPU
		{FA83C535-D38D-4DF8-B325-00B4AAE03DB3}.Release|iPhone.Build.0 = Release|Any CPU
		{FA83C535-D38D-4DF8-B325-00B4AAE03DB3}.Release|iPhone.Deploy.0 = Release|Any CPU
		{FA83C535-D38D-4DF8-B325-00B4AAE03DB3}.Release|iPhoneSimulator.ActiveCfg = Release|Any CPU
		{FA83C535-D38D-4DF8-B325-00B4AAE03DB3}.Release|iPhoneSimulator.Build.0 = Release|Any CPU
		{FA83C535-D38D-4DF8-B325-00B4AAE03DB3}.Release|iPhoneSimulator.Deploy.0 = Release|Any CPU
		{EA18FF7A-D13D-479A-BF91-12D56F43F183}.Debug|Any CPU.ActiveCfg = Debug|iPhone
		{EA18FF7A-D13D-479A-BF91-12D56F43F183}.Debug|Any CPU.Build.0 = Debug|iPhone
		{EA18FF7A-D13D-479A-BF91-12D56F43F183}.Debug|Any CPU.Deploy.0 = Debug|iPhone
		{EA18FF7A-D13D-479A-BF91-12D56F43F183}.Debug|iPhone.ActiveCfg = Debug|iPhone
		{EA18FF7A-D13D-479A-BF91-12D56F43F183}.Debug|iPhone.Build.0 = Debug|iPhone
		{EA18FF7A-D13D-479A-BF91-12D56F43F183}.Debug|iPhone.Deploy.0 = Debug|iPhone
		{EA18FF7A-D13D-479A-BF91-12D56F43F183}.Debug|iPhoneSimulator.ActiveCfg = Debug|iPhoneSimulator
		{EA18FF7A-D13D-479A-BF91-12D56F43F183}.Debug|iPhoneSimulator.Build.0 = Debug|iPhoneSimulator
		{EA18FF7A-D13D-479A-BF91-12D56F43F183}.Debug|iPhoneSimulator.Deploy.0 = Debug|iPhoneSimulator
		{EA18FF7A-D13D-479A-BF91-12D56F43F183}.Release|Any CPU.ActiveCfg = Release|iPhoneSimulator
		{EA18FF7A-D13D-479A-BF91-12D56F43F183}.Release|Any CPU.Build.0 = Release|iPhoneSimulator
		{EA18FF7A-D13D-479A-BF91-12D56F43F183}.Release|Any CPU.Deploy.0 = Release|iPhoneSimulator
		{EA18FF7A-D13D-479A-BF91-12D56F43F183}.Release|iPhone.ActiveCfg = Release|iPhone
		{EA18FF7A-D13D-479A-BF91-12D56F43F183}.Release|iPhone.Build.0 = Release|iPhone
		{EA18FF7A-D13D-479A-BF91-12D56F43F183}.Release|iPhone.Deploy.0 = Release|iPhone
		{EA18FF7A-D13D-479A-BF91-12D56F43F183}.Release|iPhoneSimulator.ActiveCfg = Release|iPhoneSimulator
		{EA18FF7A-D13D-479A-BF91-12D56F43F183}.Release|iPhoneSimulator.Build.0 = Release|iPhoneSimulator
		{EA18FF7A-D13D-479A-BF91-12D56F43F183}.Release|iPhoneSimulator.Deploy.0 = Release|iPhoneSimulator
		{380B49A6-DF65-4974-8E7E-7F1C71E77C26}.Debug|Any CPU.ActiveCfg = Debug|Any CPU
		{380B49A6-DF65-4974-8E7E-7F1C71E77C26}.Debug|Any CPU.Build.0 = Debug|Any CPU
		{380B49A6-DF65-4974-8E7E-7F1C71E77C26}.Debug|Any CPU.Deploy.0 = Debug|Any CPU
		{380B49A6-DF65-4974-8E7E-7F1C71E77C26}.Debug|iPhone.ActiveCfg = Debug|Any CPU
		{380B49A6-DF65-4974-8E7E-7F1C71E77C26}.Debug|iPhone.Build.0 = Debug|Any CPU
		{380B49A6-DF65-4974-8E7E-7F1C71E77C26}.Debug|iPhone.Deploy.0 = Debug|Any CPU
		{380B49A6-DF65-4974-8E7E-7F1C71E77C26}.Debug|iPhoneSimulator.ActiveCfg = Debug|Any CPU
		{380B49A6-DF65-4974-8E7E-7F1C71E77C26}.Debug|iPhoneSimulator.Build.0 = Debug|Any CPU
		{380B49A6-DF65-4974-8E7E-7F1C71E77C26}.Debug|iPhoneSimulator.Deploy.0 = Debug|Any CPU
		{380B49A6-DF65-4974-8E7E-7F1C71E77C26}.Release|Any CPU.ActiveCfg = Release|Any CPU
		{380B49A6-DF65-4974-8E7E-7F1C71E77C26}.Release|Any CPU.Build.0 = Release|Any CPU
		{380B49A6-DF65-4974-8E7E-7F1C71E77C26}.Release|Any CPU.Deploy.0 = Release|Any CPU
		{380B49A6-DF65-4974-8E7E-7F1C71E77C26}.Release|iPhone.ActiveCfg = Release|Any CPU
		{380B49A6-DF65-4974-8E7E-7F1C71E77C26}.Release|iPhone.Build.0 = Release|Any CPU
		{380B49A6-DF65-4974-8E7E-7F1C71E77C26}.Release|iPhone.Deploy.0 = Release|Any CPU
		{380B49A6-DF65-4974-8E7E-7F1C71E77C26}.Release|iPhoneSimulator.ActiveCfg = Release|Any CPU
		{380B49A6-DF65-4974-8E7E-7F1C71E77C26}.Release|iPhoneSimulator.Build.0 = Release|Any CPU
		{380B49A6-DF65-4974-8E7E-7F1C71E77C26}.Release|iPhoneSimulator.Deploy.0 = Release|Any CPU
	EndGlobalSection
	GlobalSection(SolutionProperties) = preSolution
		HideSolutionNode = FALSE
	EndGlobalSection
	GlobalSection(ExtensibilityGlobals) = postSolution
		SolutionGuid = {21272612-2EC4-4967-A456-D014D2648F14}
	EndGlobalSection
EndGlobal
